{
  "object": {
    "pins": [
      {
        "package": "SimplyNFC",
        "repositoryURL": "https://github.com/yanngodeau/SimplyNFC",
        "state": {
          "branch": null,
          "revision": "ac901982a02d156c3afad35ce925043bda724c34",
          "version": "1.0.0"
        }
      }
    ]
  },
  "version": 1
}
